
Microsoft Visual Studio Solution File, Format Version 12.00
# Visual Studio 14
VisualStudioVersion = 14.0.25123.0
MinimumVisualStudioVersion = 10.0.40219.1
Project("{FAE04EC0-301F-11D3-BF4B-00C04F79EFBC}") = "COMP123-S2016-Lesson2", "COMP123-S2016-Lesson2\COMP123-S2016-Lesson2.csproj", "{2D2A19C5-2327-4D31-A94C-09FDD24D7DCC}"
EndProject
Global
	GlobalSection(SolutionConfigurationPlatforms) = preSolution
		Debug|Any CPU = Debug|Any CPU
		Release|Any CPU = Release|Any CPU
	EndGlobalSection
	GlobalSection(ProjectConfigurationPlatforms) = postSolution
		{2D2A19C5-2327-4D31-A94C-09FDD24D7DCC}.Debug|Any CPU.ActiveCfg = Debug|Any CPU
		{2D2A19C5-2327-4D31-A94C-09FDD24D7DCC}.Debug|Any CPU.Build.0 = Debug|Any CPU
		{2D2A19C5-2327-4D31-A94C-09FDD24D7DCC}.Release|Any CPU.ActiveCfg = Release|Any CPU
		{2D2A19C5-2327-4D31-A94C-09FDD24D7DCC}.Release|Any CPU.Build.0 = Release|Any CPU
	EndGlobalSection
	GlobalSection(SolutionProperties) = preSolution
		HideSolutionNode = FALSE
	EndGlobalSection
EndGlobal
